
Microsoft Visual Studio Solution File, Format Version 12.00
# Visual Studio Version 16
VisualStudioVersion = 16.0.31025.194
MinimumVisualStudioVersion = 10.0.40219.1
Project("{8BC9CEB8-8B4A-11D0-8D11-00A0C91BC942}") = "person", "HI\HI.vcxproj", "{6CA2EE01-7F56-4584-9E27-73D705FDF334}"
EndProject
Project("{8BC9CEB8-8B4A-11D0-8D11-00A0C91BC942}") = "board", "board\board.vcxproj", "{4D1CCBC2-E941-4F26-BA7B-9E7BE2AFA111}"
EndProject
Project("{2150E333-8FDC-42A3-9474-1A3956D46DE8}") = "08.23", "08.23", "{9B9F7B6F-171F-4907-88A9-C68BB3DD99BF}"
EndProject
Project("{2150E333-8FDC-42A3-9474-1A3956D46DE8}") = "09.01", "09.01", "{3DAB6F8D-16CC-48F3-840D-E35C65C4AA3F}"
EndProject
Project("{8BC9CEB8-8B4A-11D0-8D11-00A0C91BC942}") = "20210901_static_game", "game\game.vcxproj", "{44329556-B25F-49C4-A687-B9866AAF5994}"
EndProject
Project("{2150E333-8FDC-42A3-9474-1A3956D46DE8}") = "09.06", "09.06", "{82C94548-833B-49CF-9BA8-9B58925F251C}"
EndProject
Project("{8BC9CEB8-8B4A-11D0-8D11-00A0C91BC942}") = "20210906_opparray_ex1", "20210906_opparray_ex1\20210906_opparray_ex1.vcxproj", "{FE66DC76-1CAF-4914-807A-936D8F3CEAA2}"
EndProject
Project("{8BC9CEB8-8B4A-11D0-8D11-00A0C91BC942}") = "20210906_vector", "20210906_vector\20210906_vector.vcxproj", "{00DF07D7-61BA-4ADB-888B-68330CF6CF18}"
EndProject
Project("{8BC9CEB8-8B4A-11D0-8D11-00A0C91BC942}") = "20210906_template", "20210906_template\20210906_template.vcxproj", "{97531C3F-5DCC-4835-A8B0-383F43C028F2}"
EndProject
Project("{2150E333-8FDC-42A3-9474-1A3956D46DE8}") = "09.08", "09.08", "{54C9DB7A-C1C2-470B-B4BF-0E129093E8FD}"
EndProject
Project("{8BC9CEB8-8B4A-11D0-8D11-00A0C91BC942}") = "vector", "vector\vector.vcxproj", "{8AC0ED48-3955-4AB7-A475-946FBA7897B4}"
EndProject
Project("{8BC9CEB8-8B4A-11D0-8D11-00A0C91BC942}") = "1416신동혁_vector1", "1416신동혁_vector1\1416신동혁_vector1.vcxproj", "{FE762EC5-33B3-42BD-BBC6-5F8500260763}"
EndProject
Project("{8BC9CEB8-8B4A-11D0-8D11-00A0C91BC942}") = "1416신동혁_vector2", "1416신동혁_vector2\1416신동혁_vector2.vcxproj", "{2F77EA10-58E0-4D20-8BA8-E435AD5E255E}"
EndProject
Project("{2150E333-8FDC-42A3-9474-1A3956D46DE8}") = "09.13", "09.13", "{AFA10404-A9ED-4D3D-AB44-A6FBCF6F4147}"
EndProject
Project("{8BC9CEB8-8B4A-11D0-8D11-00A0C91BC942}") = "randomly", "randomly\randomly.vcxproj", "{5DD51F89-711A-4D69-9A40-7A3463C07F0C}"
EndProject
Project("{8BC9CEB8-8B4A-11D0-8D11-00A0C91BC942}") = "Contact", "Contact\Contact.vcxproj", "{1EE2393D-F6F2-4F0A-B01C-853EEC54E5FF}"
EndProject
Project("{2150E333-8FDC-42A3-9474-1A3956D46DE8}") = "09.15", "09.15", "{7BCBE76C-9602-4C4C-BE7D-F1ECA1E1B0CE}"
EndProject
Project("{8BC9CEB8-8B4A-11D0-8D11-00A0C91BC942}") = "20210915_vector_person_sort", "20210915_vector_person_sort\20210915_vector_person_sort.vcxproj", "{2502155E-27E9-406F-AB1B-647601456075}"
EndProject
Project("{8BC9CEB8-8B4A-11D0-8D11-00A0C91BC942}") = "iterator", "iterator\iterator.vcxproj", "{C05F169F-2F9B-46D5-80D4-6D76E6BC2F2E}"
EndProject
Project("{8BC9CEB8-8B4A-11D0-8D11-00A0C91BC942}") = "string_sort", "string_sort\string_sort.vcxproj", "{1708664D-9399-41B9-8D1A-4D094BC46CDD}"
EndProject
Project("{2150E333-8FDC-42A3-9474-1A3956D46DE8}") = "09.27", "09.27", "{A8145BB6-DAA5-4171-8527-8D4AC43E2AE6}"
EndProject
Project("{8BC9CEB8-8B4A-11D0-8D11-00A0C91BC942}") = "pointer", "pointer\pointer.vcxproj", "{BBE4524E-918A-401F-8D08-01FD8DBC9CC9}"
EndProject
Project("{2150E333-8FDC-42A3-9474-1A3956D46DE8}") = "10.13", "10.13", "{EAFEC667-6828-47D8-953F-FB0A6DA21E10}"
EndProject
Project("{8BC9CEB8-8B4A-11D0-8D11-00A0C91BC942}") = "cppPointer", "cppPointer\cppPointer.vcxproj", "{C0E5E433-9D52-4313-9AC7-2913DAA22E12}"
EndProject
Project("{8BC9CEB8-8B4A-11D0-8D11-00A0C91BC942}") = "smartpointer2", "smartpointer2\smartpointer2.vcxproj", "{09526310-B12C-4284-8B15-540D35DD69FD}"
EndProject
Project("{8BC9CEB8-8B4A-11D0-8D11-00A0C91BC942}") = "Time", "Time\Time.vcxproj", "{206C5FD6-2935-4066-9FAE-D55EE26A070E}"
EndProject
Project("{2150E333-8FDC-42A3-9474-1A3956D46DE8}") = "10.18", "10.18", "{878DAEC8-4922-44CE-B251-5A5F26A6DE11}"
EndProject
Project("{8BC9CEB8-8B4A-11D0-8D11-00A0C91BC942}") = "Explicit", "smartpointerrr\smartpointerrr.vcxproj", "{01F41C88-18A2-4076-94E4-3161BFD09562}"
EndProject
Project("{8BC9CEB8-8B4A-11D0-8D11-00A0C91BC942}") = "Personnnn", "Personnnn\Personnnn.vcxproj", "{4368F8A4-33DE-4109-B473-FE8947A041D8}"
EndProject
Project("{2150E333-8FDC-42A3-9474-1A3956D46DE8}") = "10.20", "10.20", "{E95DA956-75B6-4AD8-B871-DC1BE1A0E83F}"
EndProject
Project("{8BC9CEB8-8B4A-11D0-8D11-00A0C91BC942}") = "explicittttt", "explicittttt\explicittttt.vcxproj", "{B591AABE-383C-456D-B6D8-813E035DF98C}"
EndProject
Project("{8BC9CEB8-8B4A-11D0-8D11-00A0C91BC942}") = "copyy", "copyy\copyy.vcxproj", "{57F44DFA-C51B-4C54-921B-8DFAEDBE4D8C}"
EndProject
Project("{8BC9CEB8-8B4A-11D0-8D11-00A0C91BC942}") = "person", "person\person.vcxproj", "{292CAD11-B273-426F-B68B-3C6D05C7D18C}"
EndProject
Project("{2150E333-8FDC-42A3-9474-1A3956D46DE8}") = "11.01", "11.01", "{2D05C874-C41C-4F1A-A134-B7558DE2AF6D}"
EndProject
Project("{8BC9CEB8-8B4A-11D0-8D11-00A0C91BC942}") = "수행평가2번", "수행평가2번\수행평가2번.vcxproj", "{7AE4B4A8-25A5-48C6-B197-A6834953102A}"
EndProject
Project("{8BC9CEB8-8B4A-11D0-8D11-00A0C91BC942}") = "수행평가3번", "수행평가3번\수행평가3번.vcxproj", "{A0CD747A-0858-464C-9021-C6F9E9858DB1}"
EndProject
Project("{8BC9CEB8-8B4A-11D0-8D11-00A0C91BC942}") = "수행평가6번", "수행평가6번\수행평가6번.vcxproj", "{CBDD1745-A5CA-4431-B0DB-050CDDE3EA28}"
EndProject
Project("{8BC9CEB8-8B4A-11D0-8D11-00A0C91BC942}") = "수행평가4번", "수행평가4번\수행평가4번.vcxproj", "{DDB19291-B092-4884-9259-0264530320AF}"
EndProject
Global
	GlobalSection(SolutionConfigurationPlatforms) = preSolution
		Debug|x64 = Debug|x64
		Debug|x86 = Debug|x86
		Release|x64 = Release|x64
		Release|x86 = Release|x86
	EndGlobalSection
	GlobalSection(ProjectConfigurationPlatforms) = postSolution
		{6CA2EE01-7F56-4584-9E27-73D705FDF334}.Debug|x64.ActiveCfg = Debug|x64
		{6CA2EE01-7F56-4584-9E27-73D705FDF334}.Debug|x64.Build.0 = Debug|x64
		{6CA2EE01-7F56-4584-9E27-73D705FDF334}.Debug|x86.ActiveCfg = Debug|Win32
		{6CA2EE01-7F56-4584-9E27-73D705FDF334}.Debug|x86.Build.0 = Debug|Win32
		{6CA2EE01-7F56-4584-9E27-73D705FDF334}.Release|x64.ActiveCfg = Release|x64
		{6CA2EE01-7F56-4584-9E27-73D705FDF334}.Release|x64.Build.0 = Release|x64
		{6CA2EE01-7F56-4584-9E27-73D705FDF334}.Release|x86.ActiveCfg = Release|Win32
		{6CA2EE01-7F56-4584-9E27-73D705FDF334}.Release|x86.Build.0 = Release|Win32
		{4D1CCBC2-E941-4F26-BA7B-9E7BE2AFA111}.Debug|x64.ActiveCfg = Debug|x64
		{4D1CCBC2-E941-4F26-BA7B-9E7BE2AFA111}.Debug|x64.Build.0 = Debug|x64
		{4D1CCBC2-E941-4F26-BA7B-9E7BE2AFA111}.Debug|x86.ActiveCfg = Debug|Win32
		{4D1CCBC2-E941-4F26-BA7B-9E7BE2AFA111}.Debug|x86.Build.0 = Debug|Win32
		{4D1CCBC2-E941-4F26-BA7B-9E7BE2AFA111}.Release|x64.ActiveCfg = Release|x64
		{4D1CCBC2-E941-4F26-BA7B-9E7BE2AFA111}.Release|x64.Build.0 = Release|x64
		{4D1CCBC2-E941-4F26-BA7B-9E7BE2AFA111}.Release|x86.ActiveCfg = Release|Win32
		{4D1CCBC2-E941-4F26-BA7B-9E7BE2AFA111}.Release|x86.Build.0 = Release|Win32
		{44329556-B25F-49C4-A687-B9866AAF5994}.Debug|x64.ActiveCfg = Debug|x64
		{44329556-B25F-49C4-A687-B9866AAF5994}.Debug|x64.Build.0 = Debug|x64
		{44329556-B25F-49C4-A687-B9866AAF5994}.Debug|x86.ActiveCfg = Debug|Win32
		{44329556-B25F-49C4-A687-B9866AAF5994}.Debug|x86.Build.0 = Debug|Win32
		{44329556-B25F-49C4-A687-B9866AAF5994}.Release|x64.ActiveCfg = Release|x64
		{44329556-B25F-49C4-A687-B9866AAF5994}.Release|x64.Build.0 = Release|x64
		{44329556-B25F-49C4-A687-B9866AAF5994}.Release|x86.ActiveCfg = Release|Win32
		{44329556-B25F-49C4-A687-B9866AAF5994}.Release|x86.Build.0 = Release|Win32
		{FE66DC76-1CAF-4914-807A-936D8F3CEAA2}.Debug|x64.ActiveCfg = Debug|x64
		{FE66DC76-1CAF-4914-807A-936D8F3CEAA2}.Debug|x64.Build.0 = Debug|x64
		{FE66DC76-1CAF-4914-807A-936D8F3CEAA2}.Debug|x86.ActiveCfg = Debug|Win32
		{FE66DC76-1CAF-4914-807A-936D8F3CEAA2}.Debug|x86.Build.0 = Debug|Win32
		{FE66DC76-1CAF-4914-807A-936D8F3CEAA2}.Release|x64.ActiveCfg = Release|x64
		{FE66DC76-1CAF-4914-807A-936D8F3CEAA2}.Release|x64.Build.0 = Release|x64
		{FE66DC76-1CAF-4914-807A-936D8F3CEAA2}.Release|x86.ActiveCfg = Release|Win32
		{FE66DC76-1CAF-4914-807A-936D8F3CEAA2}.Release|x86.Build.0 = Release|Win32
		{00DF07D7-61BA-4ADB-888B-68330CF6CF18}.Debug|x64.ActiveCfg = Debug|x64
		{00DF07D7-61BA-4ADB-888B-68330CF6CF18}.Debug|x64.Build.0 = Debug|x64
		{00DF07D7-61BA-4ADB-888B-68330CF6CF18}.Debug|x86.ActiveCfg = Debug|Win32
		{00DF07D7-61BA-4ADB-888B-68330CF6CF18}.Debug|x86.Build.0 = Debug|Win32
		{00DF07D7-61BA-4ADB-888B-68330CF6CF18}.Release|x64.ActiveCfg = Release|x64
		{00DF07D7-61BA-4ADB-888B-68330CF6CF18}.Release|x64.Build.0 = Release|x64
		{00DF07D7-61BA-4ADB-888B-68330CF6CF18}.Release|x86.ActiveCfg = Release|Win32
		{00DF07D7-61BA-4ADB-888B-68330CF6CF18}.Release|x86.Build.0 = Release|Win32
		{97531C3F-5DCC-4835-A8B0-383F43C028F2}.Debug|x64.ActiveCfg = Debug|x64
		{97531C3F-5DCC-4835-A8B0-383F43C028F2}.Debug|x64.Build.0 = Debug|x64
		{97531C3F-5DCC-4835-A8B0-383F43C028F2}.Debug|x86.ActiveCfg = Debug|Win32
		{97531C3F-5DCC-4835-A8B0-383F43C028F2}.Debug|x86.Build.0 = Debug|Win32
		{97531C3F-5DCC-4835-A8B0-383F43C028F2}.Release|x64.ActiveCfg = Release|x64
		{97531C3F-5DCC-4835-A8B0-383F43C028F2}.Release|x64.Build.0 = Release|x64
		{97531C3F-5DCC-4835-A8B0-383F43C028F2}.Release|x86.ActiveCfg = Release|Win32
		{97531C3F-5DCC-4835-A8B0-383F43C028F2}.Release|x86.Build.0 = Release|Win32
		{8AC0ED48-3955-4AB7-A475-946FBA7897B4}.Debug|x64.ActiveCfg = Debug|x64
		{8AC0ED48-3955-4AB7-A475-946FBA7897B4}.Debug|x64.Build.0 = Debug|x64
		{8AC0ED48-3955-4AB7-A475-946FBA7897B4}.Debug|x86.ActiveCfg = Debug|Win32
		{8AC0ED48-3955-4AB7-A475-946FBA7897B4}.Debug|x86.Build.0 = Debug|Win32
		{8AC0ED48-3955-4AB7-A475-946FBA7897B4}.Release|x64.ActiveCfg = Release|x64
		{8AC0ED48-3955-4AB7-A475-946FBA7897B4}.Release|x64.Build.0 = Release|x64
		{8AC0ED48-3955-4AB7-A475-946FBA7897B4}.Release|x86.ActiveCfg = Release|Win32
		{8AC0ED48-3955-4AB7-A475-946FBA7897B4}.Release|x86.Build.0 = Release|Win32
		{FE762EC5-33B3-42BD-BBC6-5F8500260763}.Debug|x64.ActiveCfg = Debug|x64
		{FE762EC5-33B3-42BD-BBC6-5F8500260763}.Debug|x64.Build.0 = Debug|x64
		{FE762EC5-33B3-42BD-BBC6-5F8500260763}.Debug|x86.ActiveCfg = Debug|Win32
		{FE762EC5-33B3-42BD-BBC6-5F8500260763}.Debug|x86.Build.0 = Debug|Win32
		{FE762EC5-33B3-42BD-BBC6-5F8500260763}.Release|x64.ActiveCfg = Release|x64
		{FE762EC5-33B3-42BD-BBC6-5F8500260763}.Release|x64.Build.0 = Release|x64
		{FE762EC5-33B3-42BD-BBC6-5F8500260763}.Release|x86.ActiveCfg = Release|Win32
		{FE762EC5-33B3-42BD-BBC6-5F8500260763}.Release|x86.Build.0 = Release|Win32
		{2F77EA10-58E0-4D20-8BA8-E435AD5E255E}.Debug|x64.ActiveCfg = Debug|x64
		{2F77EA10-58E0-4D20-8BA8-E435AD5E255E}.Debug|x64.Build.0 = Debug|x64
		{2F77EA10-58E0-4D20-8BA8-E435AD5E255E}.Debug|x86.ActiveCfg = Debug|Win32
		{2F77EA10-58E0-4D20-8BA8-E435AD5E255E}.Debug|x86.Build.0 = Debug|Win32
		{2F77EA10-58E0-4D20-8BA8-E435AD5E255E}.Release|x64.ActiveCfg = Release|x64
		{2F77EA10-58E0-4D20-8BA8-E435AD5E255E}.Release|x64.Build.0 = Release|x64
		{2F77EA10-58E0-4D20-8BA8-E435AD5E255E}.Release|x86.ActiveCfg = Release|Win32
		{2F77EA10-58E0-4D20-8BA8-E435AD5E255E}.Release|x86.Build.0 = Release|Win32
		{5DD51F89-711A-4D69-9A40-7A3463C07F0C}.Debug|x64.ActiveCfg = Debug|x64
		{5DD51F89-711A-4D69-9A40-7A3463C07F0C}.Debug|x64.Build.0 = Debug|x64
		{5DD51F89-711A-4D69-9A40-7A3463C07F0C}.Debug|x86.ActiveCfg = Debug|Win32
		{5DD51F89-711A-4D69-9A40-7A3463C07F0C}.Debug|x86.Build.0 = Debug|Win32
		{5DD51F89-711A-4D69-9A40-7A3463C07F0C}.Release|x64.ActiveCfg = Release|x64
		{5DD51F89-711A-4D69-9A40-7A3463C07F0C}.Release|x64.Build.0 = Release|x64
		{5DD51F89-711A-4D69-9A40-7A3463C07F0C}.Release|x86.ActiveCfg = Release|Win32
		{5DD51F89-711A-4D69-9A40-7A3463C07F0C}.Release|x86.Build.0 = Release|Win32
		{1EE2393D-F6F2-4F0A-B01C-853EEC54E5FF}.Debug|x64.ActiveCfg = Debug|x64
		{1EE2393D-F6F2-4F0A-B01C-853EEC54E5FF}.Debug|x64.Build.0 = Debug|x64
		{1EE2393D-F6F2-4F0A-B01C-853EEC54E5FF}.Debug|x86.ActiveCfg = Debug|Win32
		{1EE2393D-F6F2-4F0A-B01C-853EEC54E5FF}.Debug|x86.Build.0 = Debug|Win32
		{1EE2393D-F6F2-4F0A-B01C-853EEC54E5FF}.Release|x64.ActiveCfg = Release|x64
		{1EE2393D-F6F2-4F0A-B01C-853EEC54E5FF}.Release|x64.Build.0 = Release|x64
		{1EE2393D-F6F2-4F0A-B01C-853EEC54E5FF}.Release|x86.ActiveCfg = Release|Win32
		{1EE2393D-F6F2-4F0A-B01C-853EEC54E5FF}.Release|x86.Build.0 = Release|Win32
		{2502155E-27E9-406F-AB1B-647601456075}.Debug|x64.ActiveCfg = Debug|x64
		{2502155E-27E9-406F-AB1B-647601456075}.Debug|x64.Build.0 = Debug|x64
		{2502155E-27E9-406F-AB1B-647601456075}.Debug|x86.ActiveCfg = Debug|Win32
		{2502155E-27E9-406F-AB1B-647601456075}.Debug|x86.Build.0 = Debug|Win32
		{2502155E-27E9-406F-AB1B-647601456075}.Release|x64.ActiveCfg = Release|x64
		{2502155E-27E9-406F-AB1B-647601456075}.Release|x64.Build.0 = Release|x64
		{2502155E-27E9-406F-AB1B-647601456075}.Release|x86.ActiveCfg = Release|Win32
		{2502155E-27E9-406F-AB1B-647601456075}.Release|x86.Build.0 = Release|Win32
		{C05F169F-2F9B-46D5-80D4-6D76E6BC2F2E}.Debug|x64.ActiveCfg = Debug|x64
		{C05F169F-2F9B-46D5-80D4-6D76E6BC2F2E}.Debug|x64.Build.0 = Debug|x64
		{C05F169F-2F9B-46D5-80D4-6D76E6BC2F2E}.Debug|x86.ActiveCfg = Debug|Win32
		{C05F169F-2F9B-46D5-80D4-6D76E6BC2F2E}.Debug|x86.Build.0 = Debug|Win32
		{C05F169F-2F9B-46D5-80D4-6D76E6BC2F2E}.Release|x64.ActiveCfg = Release|x64
		{C05F169F-2F9B-46D5-80D4-6D76E6BC2F2E}.Release|x64.Build.0 = Release|x64
		{C05F169F-2F9B-46D5-80D4-6D76E6BC2F2E}.Release|x86.ActiveCfg = Release|Win32
		{C05F169F-2F9B-46D5-80D4-6D76E6BC2F2E}.Release|x86.Build.0 = Release|Win32
		{1708664D-9399-41B9-8D1A-4D094BC46CDD}.Debug|x64.ActiveCfg = Debug|x64
		{1708664D-9399-41B9-8D1A-4D094BC46CDD}.Debug|x64.Build.0 = Debug|x64
		{1708664D-9399-41B9-8D1A-4D094BC46CDD}.Debug|x86.ActiveCfg = Debug|Win32
		{1708664D-9399-41B9-8D1A-4D094BC46CDD}.Debug|x86.Build.0 = Debug|Win32
		{1708664D-9399-41B9-8D1A-4D094BC46CDD}.Release|x64.ActiveCfg = Release|x64
		{1708664D-9399-41B9-8D1A-4D094BC46CDD}.Release|x64.Build.0 = Release|x64
		{1708664D-9399-41B9-8D1A-4D094BC46CDD}.Release|x86.ActiveCfg = Release|Win32
		{1708664D-9399-41B9-8D1A-4D094BC46CDD}.Release|x86.Build.0 = Release|Win32
		{BBE4524E-918A-401F-8D08-01FD8DBC9CC9}.Debug|x64.ActiveCfg = Debug|x64
		{BBE4524E-918A-401F-8D08-01FD8DBC9CC9}.Debug|x64.Build.0 = Debug|x64
		{BBE4524E-918A-401F-8D08-01FD8DBC9CC9}.Debug|x86.ActiveCfg = Debug|Win32
		{BBE4524E-918A-401F-8D08-01FD8DBC9CC9}.Debug|x86.Build.0 = Debug|Win32
		{BBE4524E-918A-401F-8D08-01FD8DBC9CC9}.Release|x64.ActiveCfg = Release|x64
		{BBE4524E-918A-401F-8D08-01FD8DBC9CC9}.Release|x64.Build.0 = Release|x64
		{BBE4524E-918A-401F-8D08-01FD8DBC9CC9}.Release|x86.ActiveCfg = Release|Win32
		{BBE4524E-918A-401F-8D08-01FD8DBC9CC9}.Release|x86.Build.0 = Release|Win32
		{C0E5E433-9D52-4313-9AC7-2913DAA22E12}.Debug|x64.ActiveCfg = Debug|x64
		{C0E5E433-9D52-4313-9AC7-2913DAA22E12}.Debug|x64.Build.0 = Debug|x64
		{C0E5E433-9D52-4313-9AC7-2913DAA22E12}.Debug|x86.ActiveCfg = Debug|Win32
		{C0E5E433-9D52-4313-9AC7-2913DAA22E12}.Debug|x86.Build.0 = Debug|Win32
		{C0E5E433-9D52-4313-9AC7-2913DAA22E12}.Release|x64.ActiveCfg = Release|x64
		{C0E5E433-9D52-4313-9AC7-2913DAA22E12}.Release|x64.Build.0 = Release|x64
		{C0E5E433-9D52-4313-9AC7-2913DAA22E12}.Release|x86.ActiveCfg = Release|Win32
		{C0E5E433-9D52-4313-9AC7-2913DAA22E12}.Release|x86.Build.0 = Release|Win32
		{09526310-B12C-4284-8B15-540D35DD69FD}.Debug|x64.ActiveCfg = Debug|x64
		{09526310-B12C-4284-8B15-540D35DD69FD}.Debug|x64.Build.0 = Debug|x64
		{09526310-B12C-4284-8B15-540D35DD69FD}.Debug|x86.ActiveCfg = Debug|Win32
		{09526310-B12C-4284-8B15-540D35DD69FD}.Debug|x86.Build.0 = Debug|Win32
		{09526310-B12C-4284-8B15-540D35DD69FD}.Release|x64.ActiveCfg = Release|x64
		{09526310-B12C-4284-8B15-540D35DD69FD}.Release|x64.Build.0 = Release|x64
		{09526310-B12C-4284-8B15-540D35DD69FD}.Release|x86.ActiveCfg = Release|Win32
		{09526310-B12C-4284-8B15-540D35DD69FD}.Release|x86.Build.0 = Release|Win32
		{206C5FD6-2935-4066-9FAE-D55EE26A070E}.Debug|x64.ActiveCfg = Debug|x64
		{206C5FD6-2935-4066-9FAE-D55EE26A070E}.Debug|x64.Build.0 = Debug|x64
		{206C5FD6-2935-4066-9FAE-D55EE26A070E}.Debug|x86.ActiveCfg = Debug|Win32
		{206C5FD6-2935-4066-9FAE-D55EE26A070E}.Debug|x86.Build.0 = Debug|Win32
		{206C5FD6-2935-4066-9FAE-D55EE26A070E}.Release|x64.ActiveCfg = Release|x64
		{206C5FD6-2935-4066-9FAE-D55EE26A070E}.Release|x64.Build.0 = Release|x64
		{206C5FD6-2935-4066-9FAE-D55EE26A070E}.Release|x86.ActiveCfg = Release|Win32
		{206C5FD6-2935-4066-9FAE-D55EE26A070E}.Release|x86.Build.0 = Release|Win32
		{01F41C88-18A2-4076-94E4-3161BFD09562}.Debug|x64.ActiveCfg = Debug|x64
		{01F41C88-18A2-4076-94E4-3161BFD09562}.Debug|x64.Build.0 = Debug|x64
		{01F41C88-18A2-4076-94E4-3161BFD09562}.Debug|x86.ActiveCfg = Debug|Win32
		{01F41C88-18A2-4076-94E4-3161BFD09562}.Debug|x86.Build.0 = Debug|Win32
		{01F41C88-18A2-4076-94E4-3161BFD09562}.Release|x64.ActiveCfg = Release|x64
		{01F41C88-18A2-4076-94E4-3161BFD09562}.Release|x64.Build.0 = Release|x64
		{01F41C88-18A2-4076-94E4-3161BFD09562}.Release|x86.ActiveCfg = Release|Win32
		{01F41C88-18A2-4076-94E4-3161BFD09562}.Release|x86.Build.0 = Release|Win32
		{4368F8A4-33DE-4109-B473-FE8947A041D8}.Debug|x64.ActiveCfg = Debug|x64
		{4368F8A4-33DE-4109-B473-FE8947A041D8}.Debug|x64.Build.0 = Debug|x64
		{4368F8A4-33DE-4109-B473-FE8947A041D8}.Debug|x86.ActiveCfg = Debug|Win32
		{4368F8A4-33DE-4109-B473-FE8947A041D8}.Debug|x86.Build.0 = Debug|Win32
		{4368F8A4-33DE-4109-B473-FE8947A041D8}.Release|x64.ActiveCfg = Release|x64
		{4368F8A4-33DE-4109-B473-FE8947A041D8}.Release|x64.Build.0 = Release|x64
		{4368F8A4-33DE-4109-B473-FE8947A041D8}.Release|x86.ActiveCfg = Release|Win32
		{4368F8A4-33DE-4109-B473-FE8947A041D8}.Release|x86.Build.0 = Release|Win32
		{B591AABE-383C-456D-B6D8-813E035DF98C}.Debug|x64.ActiveCfg = Debug|x64
		{B591AABE-383C-456D-B6D8-813E035DF98C}.Debug|x64.Build.0 = Debug|x64
		{B591AABE-383C-456D-B6D8-813E035DF98C}.Debug|x86.ActiveCfg = Debug|Win32
		{B591AABE-383C-456D-B6D8-813E035DF98C}.Debug|x86.Build.0 = Debug|Win32
		{B591AABE-383C-456D-B6D8-813E035DF98C}.Release|x64.ActiveCfg = Release|x64
		{B591AABE-383C-456D-B6D8-813E035DF98C}.Release|x64.Build.0 = Release|x64
		{B591AABE-383C-456D-B6D8-813E035DF98C}.Release|x86.ActiveCfg = Release|Win32
		{B591AABE-383C-456D-B6D8-813E035DF98C}.Release|x86.Build.0 = Release|Win32
		{57F44DFA-C51B-4C54-921B-8DFAEDBE4D8C}.Debug|x64.ActiveCfg = Debug|x64
		{57F44DFA-C51B-4C54-921B-8DFAEDBE4D8C}.Debug|x64.Build.0 = Debug|x64
		{57F44DFA-C51B-4C54-921B-8DFAEDBE4D8C}.Debug|x86.ActiveCfg = Debug|Win32
		{57F44DFA-C51B-4C54-921B-8DFAEDBE4D8C}.Debug|x86.Build.0 = Debug|Win32
		{57F44DFA-C51B-4C54-921B-8DFAEDBE4D8C}.Release|x64.ActiveCfg = Release|x64
		{57F44DFA-C51B-4C54-921B-8DFAEDBE4D8C}.Release|x64.Build.0 = Release|x64
		{57F44DFA-C51B-4C54-921B-8DFAEDBE4D8C}.Release|x86.ActiveCfg = Release|Win32
		{57F44DFA-C51B-4C54-921B-8DFAEDBE4D8C}.Release|x86.Build.0 = Release|Win32
		{292CAD11-B273-426F-B68B-3C6D05C7D18C}.Debug|x64.ActiveCfg = Debug|x64
		{292CAD11-B273-426F-B68B-3C6D05C7D18C}.Debug|x64.Build.0 = Debug|x64
		{292CAD11-B273-426F-B68B-3C6D05C7D18C}.Debug|x86.ActiveCfg = Debug|Win32
		{292CAD11-B273-426F-B68B-3C6D05C7D18C}.Debug|x86.Build.0 = Debug|Win32
		{292CAD11-B273-426F-B68B-3C6D05C7D18C}.Release|x64.ActiveCfg = Release|x64
		{292CAD11-B273-426F-B68B-3C6D05C7D18C}.Release|x64.Build.0 = Release|x64
		{292CAD11-B273-426F-B68B-3C6D05C7D18C}.Release|x86.ActiveCfg = Release|Win32
		{292CAD11-B273-426F-B68B-3C6D05C7D18C}.Release|x86.Build.0 = Release|Win32
		{7AE4B4A8-25A5-48C6-B197-A6834953102A}.Debug|x64.ActiveCfg = Debug|x64
		{7AE4B4A8-25A5-48C6-B197-A6834953102A}.Debug|x64.Build.0 = Debug|x64
		{7AE4B4A8-25A5-48C6-B197-A6834953102A}.Debug|x86.ActiveCfg = Debug|Win32
		{7AE4B4A8-25A5-48C6-B197-A6834953102A}.Debug|x86.Build.0 = Debug|Win32
		{7AE4B4A8-25A5-48C6-B197-A6834953102A}.Release|x64.ActiveCfg = Release|x64
		{7AE4B4A8-25A5-48C6-B197-A6834953102A}.Release|x64.Build.0 = Release|x64
		{7AE4B4A8-25A5-48C6-B197-A6834953102A}.Release|x86.ActiveCfg = Release|Win32
		{7AE4B4A8-25A5-48C6-B197-A6834953102A}.Release|x86.Build.0 = Release|Win32
		{A0CD747A-0858-464C-9021-C6F9E9858DB1}.Debug|x64.ActiveCfg = Debug|x64
		{A0CD747A-0858-464C-9021-C6F9E9858DB1}.Debug|x64.Build.0 = Debug|x64
		{A0CD747A-0858-464C-9021-C6F9E9858DB1}.Debug|x86.ActiveCfg = Debug|Win32
		{A0CD747A-0858-464C-9021-C6F9E9858DB1}.Debug|x86.Build.0 = Debug|Win32
		{A0CD747A-0858-464C-9021-C6F9E9858DB1}.Release|x64.ActiveCfg = Release|x64
		{A0CD747A-0858-464C-9021-C6F9E9858DB1}.Release|x64.Build.0 = Release|x64
		{A0CD747A-0858-464C-9021-C6F9E9858DB1}.Release|x86.ActiveCfg = Release|Win32
		{A0CD747A-0858-464C-9021-C6F9E9858DB1}.Release|x86.Build.0 = Release|Win32
		{CBDD1745-A5CA-4431-B0DB-050CDDE3EA28}.Debug|x64.ActiveCfg = Debug|x64
		{CBDD1745-A5CA-4431-B0DB-050CDDE3EA28}.Debug|x64.Build.0 = Debug|x64
		{CBDD1745-A5CA-4431-B0DB-050CDDE3EA28}.Debug|x86.ActiveCfg = Debug|Win32
		{CBDD1745-A5CA-4431-B0DB-050CDDE3EA28}.Debug|x86.Build.0 = Debug|Win32
		{CBDD1745-A5CA-4431-B0DB-050CDDE3EA28}.Release|x64.ActiveCfg = Release|x64
		{CBDD1745-A5CA-4431-B0DB-050CDDE3EA28}.Release|x64.Build.0 = Release|x64
		{CBDD1745-A5CA-4431-B0DB-050CDDE3EA28}.Release|x86.ActiveCfg = Release|Win32
		{CBDD1745-A5CA-4431-B0DB-050CDDE3EA28}.Release|x86.Build.0 = Release|Win32
		{DDB19291-B092-4884-9259-0264530320AF}.Debug|x64.ActiveCfg = Debug|x64
		{DDB19291-B092-4884-9259-0264530320AF}.Debug|x64.Build.0 = Debug|x64
		{DDB19291-B092-4884-9259-0264530320AF}.Debug|x86.ActiveCfg = Debug|Win32
		{DDB19291-B092-4884-9259-0264530320AF}.Debug|x86.Build.0 = Debug|Win32
		{DDB19291-B092-4884-9259-0264530320AF}.Release|x64.ActiveCfg = Release|x64
		{DDB19291-B092-4884-9259-0264530320AF}.Release|x64.Build.0 = Release|x64
		{DDB19291-B092-4884-9259-0264530320AF}.Release|x86.ActiveCfg = Release|Win32
		{DDB19291-B092-4884-9259-0264530320AF}.Release|x86.Build.0 = Release|Win32
	EndGlobalSection
	GlobalSection(SolutionProperties) = preSolution
		HideSolutionNode = FALSE
	EndGlobalSection
	GlobalSection(NestedProjects) = preSolution
		{6CA2EE01-7F56-4584-9E27-73D705FDF334} = {9B9F7B6F-171F-4907-88A9-C68BB3DD99BF}
		{4D1CCBC2-E941-4F26-BA7B-9E7BE2AFA111} = {9B9F7B6F-171F-4907-88A9-C68BB3DD99BF}
		{44329556-B25F-49C4-A687-B9866AAF5994} = {3DAB6F8D-16CC-48F3-840D-E35C65C4AA3F}
		{FE66DC76-1CAF-4914-807A-936D8F3CEAA2} = {82C94548-833B-49CF-9BA8-9B58925F251C}
		{00DF07D7-61BA-4ADB-888B-68330CF6CF18} = {82C94548-833B-49CF-9BA8-9B58925F251C}
		{97531C3F-5DCC-4835-A8B0-383F43C028F2} = {82C94548-833B-49CF-9BA8-9B58925F251C}
		{8AC0ED48-3955-4AB7-A475-946FBA7897B4} = {54C9DB7A-C1C2-470B-B4BF-0E129093E8FD}
		{FE762EC5-33B3-42BD-BBC6-5F8500260763} = {54C9DB7A-C1C2-470B-B4BF-0E129093E8FD}
		{2F77EA10-58E0-4D20-8BA8-E435AD5E255E} = {AFA10404-A9ED-4D3D-AB44-A6FBCF6F4147}
		{5DD51F89-711A-4D69-9A40-7A3463C07F0C} = {AFA10404-A9ED-4D3D-AB44-A6FBCF6F4147}
		{1EE2393D-F6F2-4F0A-B01C-853EEC54E5FF} = {AFA10404-A9ED-4D3D-AB44-A6FBCF6F4147}
		{2502155E-27E9-406F-AB1B-647601456075} = {7BCBE76C-9602-4C4C-BE7D-F1ECA1E1B0CE}
		{C05F169F-2F9B-46D5-80D4-6D76E6BC2F2E} = {7BCBE76C-9602-4C4C-BE7D-F1ECA1E1B0CE}
		{1708664D-9399-41B9-8D1A-4D094BC46CDD} = {7BCBE76C-9602-4C4C-BE7D-F1ECA1E1B0CE}
		{BBE4524E-918A-401F-8D08-01FD8DBC9CC9} = {A8145BB6-DAA5-4171-8527-8D4AC43E2AE6}
		{C0E5E433-9D52-4313-9AC7-2913DAA22E12} = {EAFEC667-6828-47D8-953F-FB0A6DA21E10}
		{09526310-B12C-4284-8B15-540D35DD69FD} = {EAFEC667-6828-47D8-953F-FB0A6DA21E10}
		{206C5FD6-2935-4066-9FAE-D55EE26A070E} = {EAFEC667-6828-47D8-953F-FB0A6DA21E10}
		{01F41C88-18A2-4076-94E4-3161BFD09562} = {878DAEC8-4922-44CE-B251-5A5F26A6DE11}
		{4368F8A4-33DE-4109-B473-FE8947A041D8} = {878DAEC8-4922-44CE-B251-5A5F26A6DE11}
		{B591AABE-383C-456D-B6D8-813E035DF98C} = {E95DA956-75B6-4AD8-B871-DC1BE1A0E83F}
		{57F44DFA-C51B-4C54-921B-8DFAEDBE4D8C} = {E95DA956-75B6-4AD8-B871-DC1BE1A0E83F}
		{292CAD11-B273-426F-B68B-3C6D05C7D18C} = {E95DA956-75B6-4AD8-B871-DC1BE1A0E83F}
		{7AE4B4A8-25A5-48C6-B197-A6834953102A} = {2D05C874-C41C-4F1A-A134-B7558DE2AF6D}
		{A0CD747A-0858-464C-9021-C6F9E9858DB1} = {2D05C874-C41C-4F1A-A134-B7558DE2AF6D}
		{CBDD1745-A5CA-4431-B0DB-050CDDE3EA28} = {2D05C874-C41C-4F1A-A134-B7558DE2AF6D}
		{DDB19291-B092-4884-9259-0264530320AF} = {2D05C874-C41C-4F1A-A134-B7558DE2AF6D}
	EndGlobalSection
	GlobalSection(ExtensibilityGlobals) = postSolution
		SolutionGuid = {4451E36E-CBCB-4124-8182-F33E84F190CB}
	EndGlobalSection
EndGlobal
