
Microsoft Visual Studio Solution File, Format Version 12.00
# Visual Studio Version 16
VisualStudioVersion = 16.0.31025.194
MinimumVisualStudioVersion = 10.0.40219.1
Project("{8BC9CEB8-8B4A-11D0-8D11-00A0C91BC942}") = "person", "HI\HI.vcxproj", "{6CA2EE01-7F56-4584-9E27-73D705FDF334}"
EndProject
Project("{8BC9CEB8-8B4A-11D0-8D11-00A0C91BC942}") = "board", "board\board.vcxproj", "{4D1CCBC2-E941-4F26-BA7B-9E7BE2AFA111}"
EndProject
Project("{2150E333-8FDC-42A3-9474-1A3956D46DE8}") = "8.23", "8.23", "{9B9F7B6F-171F-4907-88A9-C68BB3DD99BF}"
EndProject
Project("{2150E333-8FDC-42A3-9474-1A3956D46DE8}") = "9.1", "9.1", "{3DAB6F8D-16CC-48F3-840D-E35C65C4AA3F}"
EndProject
Project("{8BC9CEB8-8B4A-11D0-8D11-00A0C91BC942}") = "20210901_static_game", "game\game.vcxproj", "{44329556-B25F-49C4-A687-B9866AAF5994}"
EndProject
Project("{2150E333-8FDC-42A3-9474-1A3956D46DE8}") = "9.6", "9.6", "{82C94548-833B-49CF-9BA8-9B58925F251C}"
EndProject
Project("{8BC9CEB8-8B4A-11D0-8D11-00A0C91BC942}") = "20210906_opparray_ex1", "20210906_opparray_ex1\20210906_opparray_ex1.vcxproj", "{FE66DC76-1CAF-4914-807A-936D8F3CEAA2}"
EndProject
Project("{8BC9CEB8-8B4A-11D0-8D11-00A0C91BC942}") = "20210906_vector", "20210906_vector\20210906_vector.vcxproj", "{00DF07D7-61BA-4ADB-888B-68330CF6CF18}"
EndProject
Project("{8BC9CEB8-8B4A-11D0-8D11-00A0C91BC942}") = "20210906_template", "20210906_template\20210906_template.vcxproj", "{97531C3F-5DCC-4835-A8B0-383F43C028F2}"
EndProject
Global
	GlobalSection(SolutionConfigurationPlatforms) = preSolution
		Debug|x64 = Debug|x64
		Debug|x86 = Debug|x86
		Release|x64 = Release|x64
		Release|x86 = Release|x86
	EndGlobalSection
	GlobalSection(ProjectConfigurationPlatforms) = postSolution
		{6CA2EE01-7F56-4584-9E27-73D705FDF334}.Debug|x64.ActiveCfg = Debug|x64
		{6CA2EE01-7F56-4584-9E27-73D705FDF334}.Debug|x64.Build.0 = Debug|x64
		{6CA2EE01-7F56-4584-9E27-73D705FDF334}.Debug|x86.ActiveCfg = Debug|Win32
		{6CA2EE01-7F56-4584-9E27-73D705FDF334}.Debug|x86.Build.0 = Debug|Win32
		{6CA2EE01-7F56-4584-9E27-73D705FDF334}.Release|x64.ActiveCfg = Release|x64
		{6CA2EE01-7F56-4584-9E27-73D705FDF334}.Release|x64.Build.0 = Release|x64
		{6CA2EE01-7F56-4584-9E27-73D705FDF334}.Release|x86.ActiveCfg = Release|Win32
		{6CA2EE01-7F56-4584-9E27-73D705FDF334}.Release|x86.Build.0 = Release|Win32
		{4D1CCBC2-E941-4F26-BA7B-9E7BE2AFA111}.Debug|x64.ActiveCfg = Debug|x64
		{4D1CCBC2-E941-4F26-BA7B-9E7BE2AFA111}.Debug|x64.Build.0 = Debug|x64
		{4D1CCBC2-E941-4F26-BA7B-9E7BE2AFA111}.Debug|x86.ActiveCfg = Debug|Win32
		{4D1CCBC2-E941-4F26-BA7B-9E7BE2AFA111}.Debug|x86.Build.0 = Debug|Win32
		{4D1CCBC2-E941-4F26-BA7B-9E7BE2AFA111}.Release|x64.ActiveCfg = Release|x64
		{4D1CCBC2-E941-4F26-BA7B-9E7BE2AFA111}.Release|x64.Build.0 = Release|x64
		{4D1CCBC2-E941-4F26-BA7B-9E7BE2AFA111}.Release|x86.ActiveCfg = Release|Win32
		{4D1CCBC2-E941-4F26-BA7B-9E7BE2AFA111}.Release|x86.Build.0 = Release|Win32
		{44329556-B25F-49C4-A687-B9866AAF5994}.Debug|x64.ActiveCfg = Debug|x64
		{44329556-B25F-49C4-A687-B9866AAF5994}.Debug|x64.Build.0 = Debug|x64
		{44329556-B25F-49C4-A687-B9866AAF5994}.Debug|x86.ActiveCfg = Debug|Win32
		{44329556-B25F-49C4-A687-B9866AAF5994}.Debug|x86.Build.0 = Debug|Win32
		{44329556-B25F-49C4-A687-B9866AAF5994}.Release|x64.ActiveCfg = Release|x64
		{44329556-B25F-49C4-A687-B9866AAF5994}.Release|x64.Build.0 = Release|x64
		{44329556-B25F-49C4-A687-B9866AAF5994}.Release|x86.ActiveCfg = Release|Win32
		{44329556-B25F-49C4-A687-B9866AAF5994}.Release|x86.Build.0 = Release|Win32
		{FE66DC76-1CAF-4914-807A-936D8F3CEAA2}.Debug|x64.ActiveCfg = Debug|x64
		{FE66DC76-1CAF-4914-807A-936D8F3CEAA2}.Debug|x64.Build.0 = Debug|x64
		{FE66DC76-1CAF-4914-807A-936D8F3CEAA2}.Debug|x86.ActiveCfg = Debug|Win32
		{FE66DC76-1CAF-4914-807A-936D8F3CEAA2}.Debug|x86.Build.0 = Debug|Win32
		{FE66DC76-1CAF-4914-807A-936D8F3CEAA2}.Release|x64.ActiveCfg = Release|x64
		{FE66DC76-1CAF-4914-807A-936D8F3CEAA2}.Release|x64.Build.0 = Release|x64
		{FE66DC76-1CAF-4914-807A-936D8F3CEAA2}.Release|x86.ActiveCfg = Release|Win32
		{FE66DC76-1CAF-4914-807A-936D8F3CEAA2}.Release|x86.Build.0 = Release|Win32
		{00DF07D7-61BA-4ADB-888B-68330CF6CF18}.Debug|x64.ActiveCfg = Debug|x64
		{00DF07D7-61BA-4ADB-888B-68330CF6CF18}.Debug|x64.Build.0 = Debug|x64
		{00DF07D7-61BA-4ADB-888B-68330CF6CF18}.Debug|x86.ActiveCfg = Debug|Win32
		{00DF07D7-61BA-4ADB-888B-68330CF6CF18}.Debug|x86.Build.0 = Debug|Win32
		{00DF07D7-61BA-4ADB-888B-68330CF6CF18}.Release|x64.ActiveCfg = Release|x64
		{00DF07D7-61BA-4ADB-888B-68330CF6CF18}.Release|x64.Build.0 = Release|x64
		{00DF07D7-61BA-4ADB-888B-68330CF6CF18}.Release|x86.ActiveCfg = Release|Win32
		{00DF07D7-61BA-4ADB-888B-68330CF6CF18}.Release|x86.Build.0 = Release|Win32
		{97531C3F-5DCC-4835-A8B0-383F43C028F2}.Debug|x64.ActiveCfg = Debug|x64
		{97531C3F-5DCC-4835-A8B0-383F43C028F2}.Debug|x64.Build.0 = Debug|x64
		{97531C3F-5DCC-4835-A8B0-383F43C028F2}.Debug|x86.ActiveCfg = Debug|Win32
		{97531C3F-5DCC-4835-A8B0-383F43C028F2}.Debug|x86.Build.0 = Debug|Win32
		{97531C3F-5DCC-4835-A8B0-383F43C028F2}.Release|x64.ActiveCfg = Release|x64
		{97531C3F-5DCC-4835-A8B0-383F43C028F2}.Release|x64.Build.0 = Release|x64
		{97531C3F-5DCC-4835-A8B0-383F43C028F2}.Release|x86.ActiveCfg = Release|Win32
		{97531C3F-5DCC-4835-A8B0-383F43C028F2}.Release|x86.Build.0 = Release|Win32
	EndGlobalSection
	GlobalSection(SolutionProperties) = preSolution
		HideSolutionNode = FALSE
	EndGlobalSection
	GlobalSection(NestedProjects) = preSolution
		{6CA2EE01-7F56-4584-9E27-73D705FDF334} = {9B9F7B6F-171F-4907-88A9-C68BB3DD99BF}
		{4D1CCBC2-E941-4F26-BA7B-9E7BE2AFA111} = {9B9F7B6F-171F-4907-88A9-C68BB3DD99BF}
		{44329556-B25F-49C4-A687-B9866AAF5994} = {3DAB6F8D-16CC-48F3-840D-E35C65C4AA3F}
		{FE66DC76-1CAF-4914-807A-936D8F3CEAA2} = {82C94548-833B-49CF-9BA8-9B58925F251C}
		{00DF07D7-61BA-4ADB-888B-68330CF6CF18} = {82C94548-833B-49CF-9BA8-9B58925F251C}
		{97531C3F-5DCC-4835-A8B0-383F43C028F2} = {82C94548-833B-49CF-9BA8-9B58925F251C}
	EndGlobalSection
	GlobalSection(ExtensibilityGlobals) = postSolution
		SolutionGuid = {4451E36E-CBCB-4124-8182-F33E84F190CB}
	EndGlobalSection
EndGlobal
